// !$*UTF8*$!
{
	archiveVersion = 1;
	classes = {
	};
	objectVersion = 46;
	objects = {

/* Begin PBXBuildFile section */
		468BE8A21C3B0BA8005CBD87 /* AppDelegate.swift in Sources */ = {isa = PBXBuildFile; fileRef = 468BE8A11C3B0BA8005CBD87 /* AppDelegate.swift */; };
		468BE8A41C3B0BA8005CBD87 /* ViewController.swift in Sources */ = {isa = PBXBuildFile; fileRef = 468BE8A31C3B0BA8005CBD87 /* ViewController.swift */; };
		468BE8A71C3B0BA8005CBD87 /* Main.storyboard in Resources */ = {isa = PBXBuildFile; fileRef = 468BE8A51C3B0BA8005CBD87 /* Main.storyboard */; };
		468BE8A91C3B0BA8005CBD87 /* Assets.xcassets in Resources */ = {isa = PBXBuildFile; fileRef = 468BE8A81C3B0BA8005CBD87 /* Assets.xcassets */; };
		468BE8AC1C3B0BA8005CBD87 /* LaunchScreen.storyboard in Resources */ = {isa = PBXBuildFile; fileRef = 468BE8AA1C3B0BA8005CBD87 /* LaunchScreen.storyboard */; };
		468BE8B41C3B16F1005CBD87 /* Minecraft.ttf in Resources */ = {isa = PBXBuildFile; fileRef = 468BE8B31C3B16F1005CBD87 /* Minecraft.ttf */; };
		468BE8B61C3B5466005CBD87 /* btn.wav in Resources */ = {isa = PBXBuildFile; fileRef = 468BE8B51C3B5466005CBD87 /* btn.wav */; };
/* End PBXBuildFile section */

/* Begin PBXFileReference section */
		468BE89E1C3B0BA8005CBD87 /* retro-calculator.app */ = {isa = PBXFileReference; explicitFileType = wrapper.application; includeInIndex = 0; path = "retro-calculator.app"; sourceTree = BUILT_PRODUCTS_DIR; };
		468BE8A11C3B0BA8005CBD87 /* AppDelegate.swift */ = {isa = PBXFileReference; lastKnownFileType = sourcecode.swift; path = AppDelegate.swift; sourceTree = "<group>"; };
		468BE8A31C3B0BA8005CBD87 /* ViewController.swift */ = {isa = PBXFileReference; lastKnownFileType = sourcecode.swift; path = ViewController.swift; sourceTree = "<group>"; };
		468BE8A61C3B0BA8005CBD87 /* Base */ = {isa = PBXFileReference; lastKnownFileType = file.storyboard; name = Base; path = Base.lproj/Main.storyboard; sourceTree = "<group>"; };
		468BE8A81C3B0BA8005CBD87 /* Assets.xcassets */ = {isa = PBXFileReference; lastKnownFileType = folder.assetcatalog; path = Assets.xcassets; sourceTree = "<group>"; };
		468BE8AB1C3B0BA8005CBD87 /* Base */ = {isa = PBXFileReference; lastKnownFileType = file.storyboard; name = Base; path = Base.lproj/LaunchScreen.storyboard; sourceTree = "<group>"; };
		468BE8AD1C3B0BA8005CBD87 /* Info.plist */ = {isa = PBXFileReference; lastKnownFileType = text.plist.xml; path = Info.plist; sourceTree = "<group>"; };
		468BE8B31C3B16F1005CBD87 /* Minecraft.ttf */ = {isa = PBXFileReference; lastKnownFileType = file; path = Minecraft.ttf; sourceTree = "<group>"; };
		468BE8B51C3B5466005CBD87 /* btn.wav */ = {isa = PBXFileReference; lastKnownFileType = audio.wav; path = btn.wav; sourceTree = "<group>"; };
/* End PBXFileReference section */

/* Begin PBXFrameworksBuildPhase section */
		468BE89B1C3B0BA8005CBD87 /* Frameworks */ = {
			isa = PBXFrameworksBuildPhase;
			buildActionMask = 2147483647;
			files = (
			);
			runOnlyForDeploymentPostprocessing = 0;
		};
/* End PBXFrameworksBuildPhase section */

/* Begin PBXGroup section */
		468BE8951C3B0BA8005CBD87 = {
			isa = PBXGroup;
			children = (
				468BE8A01C3B0BA8005CBD87 /* retro-calculator */,
				468BE89F1C3B0BA8005CBD87 /* Products */,
			);
			sourceTree = "<group>";
		};
		468BE89F1C3B0BA8005CBD87 /* Products */ = {
			isa = PBXGroup;
			children = (
				468BE89E1C3B0BA8005CBD87 /* retro-calculator.app */,
			);
			name = Products;
			sourceTree = "<group>";
		};
		468BE8A01C3B0BA8005CBD87 /* retro-calculator */ = {
			isa = PBXGroup;
			children = (
				468BE8B31C3B16F1005CBD87 /* Minecraft.ttf */,
				468BE8B51C3B5466005CBD87 /* btn.wav */,
				468BE8A11C3B0BA8005CBD87 /* AppDelegate.swift */,
				468BE8A31C3B0BA8005CBD87 /* ViewController.swift */,
				468BE8A51C3B0BA8005CBD87 /* Main.storyboard */,
				468BE8A81C3B0BA8005CBD87 /* Assets.xcassets */,
				468BE8AA1C3B0BA8005CBD87 /* LaunchScreen.storyboard */,
				468BE8AD1C3B0BA8005CBD87 /* Info.plist */,
			);
			path = "retro-calculator";
			sourceTree = "<group>";
		};
/* End PBXGroup section */

/* Begin PBXNativeTarget section */
		468BE89D1C3B0BA8005CBD87 /* retro-calculator */ = {
			isa = PBXNativeTarget;
			buildConfigurationList = 468BE8B01C3B0BA8005CBD87 /* Build configuration list for PBXNativeTarget "retro-calculator" */;
			buildPhases = (
				468BE89A1C3B0BA8005CBD87 /* Sources */,
				468BE89B1C3B0BA8005CBD87 /* Frameworks */,
				468BE89C1C3B0BA8005CBD87 /* Resources */,
			);
			buildRules = (
			);
			dependencies = (
			);
			name = "retro-calculator";
			productName = "retro-calculator";
			productReference = 468BE89E1C3B0BA8005CBD87 /* retro-calculator.app */;
			productType = "com.apple.product-type.application";
		};
/* End PBXNativeTarget section */

/* Begin PBXProject section */
		468BE8961C3B0BA8005CBD87 /* Project object */ = {
			isa = PBXProject;
			attributes = {
				LastSwiftUpdateCheck = 0720;
				LastUpgradeCheck = 0720;
				ORGANIZATIONNAME = "Alex Nguyen";
				TargetAttributes = {
					468BE89D1C3B0BA8005CBD87 = {
						CreatedOnToolsVersion = 7.2;
					};
				};
			};
			buildConfigurationList = 468BE8991C3B0BA8005CBD87 /* Build configuration list for PBXProject "retro-calculator" */;
			compatibilityVersion = "Xcode 3.2";
			developmentRegion = English;
			hasScannedForEncodings = 0;
			knownRegions = (
				en,
				Base,
			);
			mainGroup = 468BE8951C3B0BA8005CBD87;
			productRefGroup = 468BE89F1C3B0BA8005CBD87 /* Products */;
			projectDirPath = "";
			projectRoot = "";
			targets = (
				468BE89D1C3B0BA8005CBD87 /* retro-calculator */,
			);
		};
/* End PBXProject section */

/* Begin PBXResourcesBuildPhase section */
		468BE89C1C3B0BA8005CBD87 /* Resources */ = {
			isa = PBXResourcesBuildPhase;
			buildActionMask = 2147483647;
			files = (
				468BE8B61C3B5466005CBD87 /* btn.wav in Resources */,
				468BE8AC1C3B0BA8005CBD87 /* LaunchScreen.storyboard in Resources */,
				468BE8A91C3B0BA8005CBD87 /* Assets.xcassets in Resources */,
				468BE8B41C3B16F1005CBD87 /* Minecraft.ttf in Resources */,
				468BE8A71C3B0BA8005CBD87 /* Main.storyboard in Resources */,
			);
			runOnlyForDeploymentPostprocessing = 0;
		};
/* End PBXResourcesBuildPhase section */

/* Begin PBXSourcesBuildPhase section */
		468BE89A1C3B0BA8005CBD87 /* Sources */ = {
			isa = PBXSourcesBuildPhase;
			buildActionMask = 2147483647;
			files = (
				468BE8A41C3B0BA8005CBD87 /* ViewController.swift in Sources */,
				468BE8A21C3B0BA8005CBD87 /* AppDelegate.swift in Sources */,
			);
			runOnlyForDeploymentPostprocessing = 0;
		};
/* End PBXSourcesBuildPhase section */

/* Begin PBXVariantGroup section */
		468BE8A51C3B0BA8005CBD87 /* Main.storyboard */ = {
			isa = PBXVariantGroup;
			children = (
				468BE8A61C3B0BA8005CBD87 /* Base */,
			);
			name = Main.storyboard;
			sourceTree = "<group>";
		};
		468BE8AA1C3B0BA8005CBD87 /* LaunchScreen.storyboard */ = {
			isa = PBXVariantGroup;
			children = (
				468BE8AB1C3B0BA8005CBD87 /* Base */,
			);
			name = LaunchScreen.storyboard;
			sourceTree = "<group>";
		};
/* End PBXVariantGroup section */

/* Begin XCBuildConfiguration section */
		468BE8AE1C3B0BA8005CBD87 /* Debug */ = {
			isa = XCBuildConfiguration;
			buildSettings = {
				ALWAYS_SEARCH_USER_PATHS = NO;
				CLANG_CXX_LANGUAGE_STANDARD = "gnu++0x";
				CLANG_CXX_LIBRARY = "libc++";
				CLANG_ENABLE_MODULES = YES;
				CLANG_ENABLE_OBJC_ARC = YES;
				CLANG_WARN_BOOL_CONVERSION = YES;
				CLANG_WARN_CONSTANT_CONVERSION = YES;
				CLANG_WARN_DIRECT_OBJC_ISA_USAGE = YES_ERROR;
				CLANG_WARN_EMPTY_BODY = YES;
				CLANG_WARN_ENUM_CONVERSION = YES;
				CLANG_WARN_INT_CONVERSION = YES;
				CLANG_WARN_OBJC_ROOT_CLASS = YES_ERROR;
				CLANG_WARN_UNREACHABLE_CODE = YES;
				CLANG_WARN__DUPLICATE_METHOD_MATCH = YES;
				"CODE_SIGN_IDENTITY[sdk=iphoneos*]" = "iPhone Developer";
				COPY_PHASE_STRIP = NO;
				DEBUG_INFORMATION_FORMAT = dwarf;
				ENABLE_STRICT_OBJC_MSGSEND = YES;
				ENABLE_TESTABILITY = YES;
				GCC_C_LANGUAGE_STANDARD = gnu99;
				GCC_DYNAMIC_NO_PIC = NO;
				GCC_NO_COMMON_BLOCKS = YES;
				GCC_OPTIMIZATION_LEVEL = 0;
				GCC_PREPROCESSOR_DEFINITIONS = (
					"DEBUG=1",
					"$(inherited)",
				);
				GCC_WARN_64_TO_32_BIT_CONVERSION = YES;
				GCC_WARN_ABOUT_RETURN_TYPE = YES_ERROR;
				GCC_WARN_UNDECLARED_SELECTOR = YES;
				GCC_WARN_UNINITIALIZED_AUTOS = YES_AGGRESSIVE;
				GCC_WARN_UNUSED_FUNCTION = YES;
				GCC_WARN_UNUSED_VARIABLE = YES;
				IPHONEOS_DEPLOYMENT_TARGET = 9.2;
				MTL_ENABLE_DEBUG_INFO = YES;
				ONLY_ACTIVE_ARCH = YES;
				SDKROOT = iphoneos;
				SWIFT_OPTIMIZATION_LEVEL = "-Onone";
			};
			name = Debug;
		};
		468BE8AF1C3B0BA8005CBD87 /* Release */ = {
			isa = XCBuildConfiguration;
			buildSettings = {
				ALWAYS_SEARCH_USER_PATHS = NO;
				CLANG_CXX_LANGUAGE_STANDARD = "gnu++0x";
				CLANG_CXX_LIBRARY = "libc++";
				CLANG_ENABLE_MODULES = YES;
				CLANG_ENABLE_OBJC_ARC = YES;
				CLANG_WARN_BOOL_CONVERSION = YES;
				CLANG_WARN_CONSTANT_CONVERSION = YES;
				CLANG_WARN_DIRECT_OBJC_ISA_USAGE = YES_ERROR;
				CLANG_WARN_EMPTY_BODY = YES;
				CLANG_WARN_ENUM_CONVERSION = YES;
				CLANG_WARN_INT_CONVERSION = YES;
				CLANG_WARN_OBJC_ROOT_CLASS = YES_ERROR;
				CLANG_WARN_UNREACHABLE_CODE = YES;
				CLANG_WARN__DUPLICATE_METHOD_MATCH = YES;
				"CODE_SIGN_IDENTITY[sdk=iphoneos*]" = "iPhone Developer";
				COPY_PHASE_STRIP = NO;
				DEBUG_INFORMATION_FORMAT = "dwarf-with-dsym";
				ENABLE_NS_ASSERTIONS = NO;
				ENABLE_STRICT_OBJC_MSGSEND = YES;
				GCC_C_LANGUAGE_STANDARD = gnu99;
				GCC_NO_COMMON_BLOCKS = YES;
				GCC_WARN_64_TO_32_BIT_CONVERSION = YES;
				GCC_WARN_ABOUT_RETURN_TYPE = YES_ERROR;
				GCC_WARN_UNDECLARED_SELECTOR = YES;
				GCC_WARN_UNINITIALIZED_AUTOS = YES_AGGRESSIVE;
				GCC_WARN_UNUSED_FUNCTION = YES;
				GCC_WARN_UNUSED_VARIABLE = YES;
				IPHONEOS_DEPLOYMENT_TARGET = 9.2;
				MTL_ENABLE_DEBUG_INFO = NO;
				SDKROOT = iphoneos;
				VALIDATE_PRODUCT = YES;
			};
			name = Release;
		};
		468BE8B11C3B0BA8005CBD87 /* Debug */ = {
			isa = XCBuildConfiguration;
			buildSettings = {
				ASSETCATALOG_COMPILER_APPICON_NAME = AppIcon;
				INFOPLIST_FILE = "retro-calculator/Info.plist";
				LD_RUNPATH_SEARCH_PATHS = "$(inherited) @executable_path/Frameworks";
				PRODUCT_BUNDLE_IDENTIFIER = "com.AlexNguyen.retro-calculator";
				PRODUCT_NAME = "$(TARGET_NAME)";
			};
			name = Debug;
		};
		468BE8B21C3B0BA8005CBD87 /* Release */ = {
			isa = XCBuildConfiguration;
			buildSettings = {
				ASSETCATALOG_COMPILER_APPICON_NAME = AppIcon;
				INFOPLIST_FILE = "retro-calculator/Info.plist";
				LD_RUNPATH_SEARCH_PATHS = "$(inherited) @executable_path/Frameworks";
				PRODUCT_BUNDLE_IDENTIFIER = "com.AlexNguyen.retro-calculator";
				PRODUCT_NAME = "$(TARGET_NAME)";
			};
			name = Release;
		};
/* End XCBuildConfiguration section */

/* Begin XCConfigurationList section */
		468BE8991C3B0BA8005CBD87 /* Build configuration list for PBXProject "retro-calculator" */ = {
			isa = XCConfigurationList;
			buildConfigurations = (
				468BE8AE1C3B0BA8005CBD87 /* Debug */,
				468BE8AF1C3B0BA8005CBD87 /* Release */,
			);
			defaultConfigurationIsVisible = 0;
			defaultConfigurationName = Release;
		};
		468BE8B01C3B0BA8005CBD87 /* Build configuration list for PBXNativeTarget "retro-calculator" */ = {
			isa = XCConfigurationList;
			buildConfigurations = (
				468BE8B11C3B0BA8005CBD87 /* Debug */,
				468BE8B21C3B0BA8005CBD87 /* Release */,
			);
			defaultConfigurationIsVisible = 0;
			defaultConfigurationName = Release;
		};
/* End XCConfigurationList section */
	};
	rootObject = 468BE8961C3B0BA8005CBD87 /* Project object */;
}
